// !$*UTF8*$!
{
	archiveVersion = 1;
	classes = {
	};
	objectVersion = 50;
	objects = {

/* Begin PBXBuildFile section */
		540C6457240D929300E948F9 /* EditableRows.swift in Sources */ = {isa = PBXBuildFile; fileRef = 540C6456240D929300E948F9 /* EditableRows.swift */; };
		541A957623E602DF00C09C19 /* LaunchIcon.png in Resources */ = {isa = PBXBuildFile; fileRef = 541A957523E602DF00C09C19 /* LaunchIcon.png */; };
		541AC5D82399498A00A769D7 /* AppDelegate.swift in Sources */ = {isa = PBXBuildFile; fileRef = 541AC5D72399498A00A769D7 /* AppDelegate.swift */; };
		541AC5DD2399498A00A769D7 /* Main.storyboard in Resources */ = {isa = PBXBuildFile; fileRef = 541AC5DB2399498A00A769D7 /* Main.storyboard */; };
		541AC5DF2399498B00A769D7 /* Assets.xcassets in Resources */ = {isa = PBXBuildFile; fileRef = 541AC5DE2399498B00A769D7 /* Assets.xcassets */; };
		541AC5E22399498B00A769D7 /* LaunchScreen.storyboard in Resources */ = {isa = PBXBuildFile; fileRef = 541AC5E02399498B00A769D7 /* LaunchScreen.storyboard */; };
		542E2A982404973F001462DC /* TBCMain.swift in Sources */ = {isa = PBXBuildFile; fileRef = 542E2A972404973F001462DC /* TBCMain.swift */; };
		542E2A9A24051556001462DC /* TVCSettings.swift in Sources */ = {isa = PBXBuildFile; fileRef = 542E2A9924051556001462DC /* TVCSettings.swift */; };
		543CDB2023EEE61900B7F323 /* PacketTunnelProvider.swift in Sources */ = {isa = PBXBuildFile; fileRef = 543CDB1F23EEE61900B7F323 /* PacketTunnelProvider.swift */; };
		543CDB2523EEE61900B7F323 /* GlassVPN.appex in Embed App Extensions */ = {isa = PBXBuildFile; fileRef = 543CDB1D23EEE61900B7F323 /* GlassVPN.appex */; settings = {ATTRIBUTES = (RemoveHeadersOnCopy, ); }; };
		544C95262407B1C700AB89D0 /* SharedState.swift in Sources */ = {isa = PBXBuildFile; fileRef = 544C95252407B1C700AB89D0 /* SharedState.swift */; };
		546063D023FC2565008F505A /* CocoaAsyncSocket.framework in Frameworks */ = {isa = PBXBuildFile; fileRef = 546063B723FC254C008F505A /* CocoaAsyncSocket.framework */; };
		546063D123FC2565008F505A /* CocoaAsyncSocket.framework in Embed Frameworks */ = {isa = PBXBuildFile; fileRef = 546063B723FC254C008F505A /* CocoaAsyncSocket.framework */; settings = {ATTRIBUTES = (CodeSignOnCopy, RemoveHeadersOnCopy, ); }; };
		546063D223FC2565008F505A /* CocoaLumberjack.framework in Frameworks */ = {isa = PBXBuildFile; fileRef = 546063B523FC254B008F505A /* CocoaLumberjack.framework */; };
		546063D323FC2565008F505A /* CocoaLumberjack.framework in Embed Frameworks */ = {isa = PBXBuildFile; fileRef = 546063B523FC254B008F505A /* CocoaLumberjack.framework */; settings = {ATTRIBUTES = (CodeSignOnCopy, RemoveHeadersOnCopy, ); }; };
		546063D423FC2565008F505A /* CocoaLumberjackSwift.framework in Frameworks */ = {isa = PBXBuildFile; fileRef = 546063B423FC254B008F505A /* CocoaLumberjackSwift.framework */; };
		546063D523FC2565008F505A /* CocoaLumberjackSwift.framework in Embed Frameworks */ = {isa = PBXBuildFile; fileRef = 546063B423FC254B008F505A /* CocoaLumberjackSwift.framework */; settings = {ATTRIBUTES = (CodeSignOnCopy, RemoveHeadersOnCopy, ); }; };
		546063D623FC2565008F505A /* lwip.framework in Frameworks */ = {isa = PBXBuildFile; fileRef = 546063B623FC254B008F505A /* lwip.framework */; };
		546063D723FC2565008F505A /* lwip.framework in Embed Frameworks */ = {isa = PBXBuildFile; fileRef = 546063B623FC254B008F505A /* lwip.framework */; settings = {ATTRIBUTES = (CodeSignOnCopy, RemoveHeadersOnCopy, ); }; };
		546063D823FC2565008F505A /* MMDB.framework in Frameworks */ = {isa = PBXBuildFile; fileRef = 546063B923FC254C008F505A /* MMDB.framework */; };
		546063D923FC2565008F505A /* MMDB.framework in Embed Frameworks */ = {isa = PBXBuildFile; fileRef = 546063B923FC254C008F505A /* MMDB.framework */; settings = {ATTRIBUTES = (CodeSignOnCopy, RemoveHeadersOnCopy, ); }; };
		546063DA23FC2565008F505A /* NEKit.framework in Frameworks */ = {isa = PBXBuildFile; fileRef = 546063B223FC254B008F505A /* NEKit.framework */; };
		546063DB23FC2565008F505A /* NEKit.framework in Embed Frameworks */ = {isa = PBXBuildFile; fileRef = 546063B223FC254B008F505A /* NEKit.framework */; settings = {ATTRIBUTES = (CodeSignOnCopy, RemoveHeadersOnCopy, ); }; };
		546063DC23FC2565008F505A /* Resolver.framework in Frameworks */ = {isa = PBXBuildFile; fileRef = 546063BA23FC254C008F505A /* Resolver.framework */; };
		546063DD23FC2565008F505A /* Resolver.framework in Embed Frameworks */ = {isa = PBXBuildFile; fileRef = 546063BA23FC254C008F505A /* Resolver.framework */; settings = {ATTRIBUTES = (CodeSignOnCopy, RemoveHeadersOnCopy, ); }; };
		546063DE23FC2565008F505A /* Sodium.framework in Frameworks */ = {isa = PBXBuildFile; fileRef = 546063B123FC254B008F505A /* Sodium.framework */; };
		546063DF23FC2565008F505A /* Sodium.framework in Embed Frameworks */ = {isa = PBXBuildFile; fileRef = 546063B123FC254B008F505A /* Sodium.framework */; settings = {ATTRIBUTES = (CodeSignOnCopy, RemoveHeadersOnCopy, ); }; };
		546063E023FC2565008F505A /* tun2socks.framework in Frameworks */ = {isa = PBXBuildFile; fileRef = 546063B323FC254B008F505A /* tun2socks.framework */; };
		546063E123FC2565008F505A /* tun2socks.framework in Embed Frameworks */ = {isa = PBXBuildFile; fileRef = 546063B323FC254B008F505A /* tun2socks.framework */; settings = {ATTRIBUTES = (CodeSignOnCopy, RemoveHeadersOnCopy, ); }; };
		546063E223FC2565008F505A /* Yaml.framework in Frameworks */ = {isa = PBXBuildFile; fileRef = 546063B823FC254C008F505A /* Yaml.framework */; };
		546063E323FC2565008F505A /* Yaml.framework in Embed Frameworks */ = {isa = PBXBuildFile; fileRef = 546063B823FC254C008F505A /* Yaml.framework */; settings = {ATTRIBUTES = (CodeSignOnCopy, RemoveHeadersOnCopy, ); }; };
		546063E523FEFAFE008F505A /* SQDB.swift in Sources */ = {isa = PBXBuildFile; fileRef = 54B7562223D7B2DC008F0C41 /* SQDB.swift */; };
		54953E3323DC752E0054345C /* SQDB.swift in Sources */ = {isa = PBXBuildFile; fileRef = 54B7562223D7B2DC008F0C41 /* SQDB.swift */; };
		54953E5F23DEBE840054345C /* TVCDomains.swift in Sources */ = {isa = PBXBuildFile; fileRef = 54953E5E23DEBE840054345C /* TVCDomains.swift */; };
		54953E6123E0D69A0054345C /* TVCHosts.swift in Sources */ = {isa = PBXBuildFile; fileRef = 54953E6023E0D69A0054345C /* TVCHosts.swift */; };
		54953E6F23E44CD00054345C /* TVCHostDetails.swift in Sources */ = {isa = PBXBuildFile; fileRef = 54953E6E23E44CD00054345C /* TVCHostDetails.swift */; };
		54953E7123E473F10054345C /* Settings.bundle in Resources */ = {isa = PBXBuildFile; fileRef = 54953E7023E473F10054345C /* Settings.bundle */; };
		54B34594240E6343004C53CC /* TVCFilter.swift in Sources */ = {isa = PBXBuildFile; fileRef = 54B34593240E6343004C53CC /* TVCFilter.swift */; };
		54B34596240F0513004C53CC /* TableView.swift in Sources */ = {isa = PBXBuildFile; fileRef = 54B34595240F0513004C53CC /* TableView.swift */; };
		54B345992414F491004C53CC /* DBWrapper.swift in Sources */ = {isa = PBXBuildFile; fileRef = 54B345982414F491004C53CC /* DBWrapper.swift */; };
		54B345A6241BB982004C53CC /* Notifications.swift in Sources */ = {isa = PBXBuildFile; fileRef = 54B345A5241BB982004C53CC /* Notifications.swift */; };
		54B345A9241BBA0B004C53CC /* Generic.swift in Sources */ = {isa = PBXBuildFile; fileRef = 54B345A8241BBA0B004C53CC /* Generic.swift */; };
		54B345AB241BBA5B004C53CC /* AlertSheet.swift in Sources */ = {isa = PBXBuildFile; fileRef = 54B345AA241BBA5B004C53CC /* AlertSheet.swift */; };
		54B345AD241BBB00004C53CC /* GroupedDomain.swift in Sources */ = {isa = PBXBuildFile; fileRef = 54B345AC241BBB00004C53CC /* GroupedDomain.swift */; };
		54B345B0242264F8004C53CC /* third-level.txt in Resources */ = {isa = PBXBuildFile; fileRef = 54B345AF242264F8004C53CC /* third-level.txt */; };
		54C056DB23E9E36E00214A3F /* AppInfoType.swift in Sources */ = {isa = PBXBuildFile; fileRef = 54C056DA23E9E36E00214A3F /* AppInfoType.swift */; };
		54C056DD23E9EEF700214A3F /* BundleIcon.swift in Sources */ = {isa = PBXBuildFile; fileRef = 54C056DC23E9EEF700214A3F /* BundleIcon.swift */; };
/* End PBXBuildFile section */

/* Begin PBXContainerItemProxy section */
		543CDB2323EEE61900B7F323 /* PBXContainerItemProxy */ = {
			isa = PBXContainerItemProxy;
			containerPortal = 541AC5CC2399498A00A769D7 /* Project object */;
			proxyType = 1;
			remoteGlobalIDString = 543CDB1C23EEE61900B7F323;
			remoteInfo = GlassVPN;
		};
/* End PBXContainerItemProxy section */

/* Begin PBXCopyFilesBuildPhase section */
		541AC5FD239949BE00A769D7 /* Embed App Extensions */ = {
			isa = PBXCopyFilesBuildPhase;
			buildActionMask = 2147483647;
			dstPath = "";
			dstSubfolderSpec = 13;
			files = (
				543CDB2523EEE61900B7F323 /* GlassVPN.appex in Embed App Extensions */,
			);
			name = "Embed App Extensions";
			runOnlyForDeploymentPostprocessing = 0;
		};
		546063E423FC2565008F505A /* Embed Frameworks */ = {
			isa = PBXCopyFilesBuildPhase;
			buildActionMask = 2147483647;
			dstPath = "";
			dstSubfolderSpec = 10;
			files = (
				546063D923FC2565008F505A /* MMDB.framework in Embed Frameworks */,
				546063D323FC2565008F505A /* CocoaLumberjack.framework in Embed Frameworks */,
				546063D123FC2565008F505A /* CocoaAsyncSocket.framework in Embed Frameworks */,
				546063D723FC2565008F505A /* lwip.framework in Embed Frameworks */,
				546063E123FC2565008F505A /* tun2socks.framework in Embed Frameworks */,
				546063E323FC2565008F505A /* Yaml.framework in Embed Frameworks */,
				546063DD23FC2565008F505A /* Resolver.framework in Embed Frameworks */,
				546063DF23FC2565008F505A /* Sodium.framework in Embed Frameworks */,
				546063DB23FC2565008F505A /* NEKit.framework in Embed Frameworks */,
				546063D523FC2565008F505A /* CocoaLumberjackSwift.framework in Embed Frameworks */,
			);
			name = "Embed Frameworks";
			runOnlyForDeploymentPostprocessing = 0;
		};
/* End PBXCopyFilesBuildPhase section */

/* Begin PBXFileReference section */
		540C6456240D929300E948F9 /* EditableRows.swift */ = {isa = PBXFileReference; lastKnownFileType = sourcecode.swift; path = EditableRows.swift; sourceTree = "<group>"; };
		541A957523E602DF00C09C19 /* LaunchIcon.png */ = {isa = PBXFileReference; lastKnownFileType = image.png; path = LaunchIcon.png; sourceTree = "<group>"; };
		541AC5D42399498A00A769D7 /* AppCheck.app */ = {isa = PBXFileReference; explicitFileType = wrapper.application; includeInIndex = 0; path = AppCheck.app; sourceTree = BUILT_PRODUCTS_DIR; };
		541AC5D72399498A00A769D7 /* AppDelegate.swift */ = {isa = PBXFileReference; lastKnownFileType = sourcecode.swift; path = AppDelegate.swift; sourceTree = "<group>"; };
		541AC5DC2399498A00A769D7 /* Base */ = {isa = PBXFileReference; lastKnownFileType = file.storyboard; name = Base; path = Base.lproj/Main.storyboard; sourceTree = "<group>"; };
		541AC5DE2399498B00A769D7 /* Assets.xcassets */ = {isa = PBXFileReference; lastKnownFileType = folder.assetcatalog; path = Assets.xcassets; sourceTree = "<group>"; };
		541AC5E12399498B00A769D7 /* Base */ = {isa = PBXFileReference; lastKnownFileType = file.storyboard; name = Base; path = Base.lproj/LaunchScreen.storyboard; sourceTree = "<group>"; };
		541AC5E32399498B00A769D7 /* Info.plist */ = {isa = PBXFileReference; lastKnownFileType = text.plist.xml; path = Info.plist; sourceTree = "<group>"; };
		541AC5EA2399499A00A769D7 /* NetworkExtension.framework */ = {isa = PBXFileReference; lastKnownFileType = wrapper.framework; name = NetworkExtension.framework; path = System/Library/Frameworks/NetworkExtension.framework; sourceTree = SDKROOT; };
		542E2A972404973F001462DC /* TBCMain.swift */ = {isa = PBXFileReference; lastKnownFileType = sourcecode.swift; path = TBCMain.swift; sourceTree = "<group>"; };
		542E2A9924051556001462DC /* TVCSettings.swift */ = {isa = PBXFileReference; lastKnownFileType = sourcecode.swift; path = TVCSettings.swift; sourceTree = "<group>"; };
		543CDB1D23EEE61900B7F323 /* GlassVPN.appex */ = {isa = PBXFileReference; explicitFileType = "wrapper.app-extension"; includeInIndex = 0; path = GlassVPN.appex; sourceTree = BUILT_PRODUCTS_DIR; };
		543CDB1F23EEE61900B7F323 /* PacketTunnelProvider.swift */ = {isa = PBXFileReference; lastKnownFileType = sourcecode.swift; path = PacketTunnelProvider.swift; sourceTree = "<group>"; };
		543CDB2123EEE61900B7F323 /* Info.plist */ = {isa = PBXFileReference; lastKnownFileType = text.plist.xml; path = Info.plist; sourceTree = "<group>"; };
		543CDB2223EEE61900B7F323 /* GlassVPN.entitlements */ = {isa = PBXFileReference; lastKnownFileType = text.plist.entitlements; path = GlassVPN.entitlements; sourceTree = "<group>"; };
		544C95252407B1C700AB89D0 /* SharedState.swift */ = {isa = PBXFileReference; lastKnownFileType = sourcecode.swift; path = SharedState.swift; sourceTree = "<group>"; };
		546063B123FC254B008F505A /* Sodium.framework */ = {isa = PBXFileReference; lastKnownFileType = wrapper.framework; name = Sodium.framework; path = Carthage/Build/iOS/Sodium.framework; sourceTree = "<group>"; };
		546063B223FC254B008F505A /* NEKit.framework */ = {isa = PBXFileReference; lastKnownFileType = wrapper.framework; name = NEKit.framework; path = Carthage/Build/iOS/NEKit.framework; sourceTree = "<group>"; };
		546063B323FC254B008F505A /* tun2socks.framework */ = {isa = PBXFileReference; lastKnownFileType = wrapper.framework; name = tun2socks.framework; path = Carthage/Build/iOS/tun2socks.framework; sourceTree = "<group>"; };
		546063B423FC254B008F505A /* CocoaLumberjackSwift.framework */ = {isa = PBXFileReference; lastKnownFileType = wrapper.framework; name = CocoaLumberjackSwift.framework; path = Carthage/Build/iOS/CocoaLumberjackSwift.framework; sourceTree = "<group>"; };
		546063B523FC254B008F505A /* CocoaLumberjack.framework */ = {isa = PBXFileReference; lastKnownFileType = wrapper.framework; name = CocoaLumberjack.framework; path = Carthage/Build/iOS/CocoaLumberjack.framework; sourceTree = "<group>"; };
		546063B623FC254B008F505A /* lwip.framework */ = {isa = PBXFileReference; lastKnownFileType = wrapper.framework; name = lwip.framework; path = Carthage/Build/iOS/lwip.framework; sourceTree = "<group>"; };
		546063B723FC254C008F505A /* CocoaAsyncSocket.framework */ = {isa = PBXFileReference; lastKnownFileType = wrapper.framework; name = CocoaAsyncSocket.framework; path = Carthage/Build/iOS/CocoaAsyncSocket.framework; sourceTree = "<group>"; };
		546063B823FC254C008F505A /* Yaml.framework */ = {isa = PBXFileReference; lastKnownFileType = wrapper.framework; name = Yaml.framework; path = Carthage/Build/iOS/Yaml.framework; sourceTree = "<group>"; };
		546063B923FC254C008F505A /* MMDB.framework */ = {isa = PBXFileReference; lastKnownFileType = wrapper.framework; name = MMDB.framework; path = Carthage/Build/iOS/MMDB.framework; sourceTree = "<group>"; };
		546063BA23FC254C008F505A /* Resolver.framework */ = {isa = PBXFileReference; lastKnownFileType = wrapper.framework; name = Resolver.framework; path = Carthage/Build/iOS/Resolver.framework; sourceTree = "<group>"; };
		548B1F9423D338EC005B047C /* main.entitlements */ = {isa = PBXFileReference; lastKnownFileType = text.plist.entitlements; path = main.entitlements; sourceTree = "<group>"; };
		54953E5E23DEBE840054345C /* TVCDomains.swift */ = {isa = PBXFileReference; lastKnownFileType = sourcecode.swift; path = TVCDomains.swift; sourceTree = "<group>"; };
		54953E6023E0D69A0054345C /* TVCHosts.swift */ = {isa = PBXFileReference; lastKnownFileType = sourcecode.swift; path = TVCHosts.swift; sourceTree = "<group>"; };
		54953E6E23E44CD00054345C /* TVCHostDetails.swift */ = {isa = PBXFileReference; lastKnownFileType = sourcecode.swift; path = TVCHostDetails.swift; sourceTree = "<group>"; };
		54953E7023E473F10054345C /* Settings.bundle */ = {isa = PBXFileReference; lastKnownFileType = "wrapper.plug-in"; path = Settings.bundle; sourceTree = "<group>"; };
		54B34593240E6343004C53CC /* TVCFilter.swift */ = {isa = PBXFileReference; lastKnownFileType = sourcecode.swift; path = TVCFilter.swift; sourceTree = "<group>"; };
		54B34595240F0513004C53CC /* TableView.swift */ = {isa = PBXFileReference; lastKnownFileType = sourcecode.swift; path = TableView.swift; sourceTree = "<group>"; };
		54B345982414F491004C53CC /* DBWrapper.swift */ = {isa = PBXFileReference; lastKnownFileType = sourcecode.swift; path = DBWrapper.swift; sourceTree = "<group>"; };
		54B345A5241BB982004C53CC /* Notifications.swift */ = {isa = PBXFileReference; lastKnownFileType = sourcecode.swift; path = Notifications.swift; sourceTree = "<group>"; };
		54B345A8241BBA0B004C53CC /* Generic.swift */ = {isa = PBXFileReference; lastKnownFileType = sourcecode.swift; path = Generic.swift; sourceTree = "<group>"; };
		54B345AA241BBA5B004C53CC /* AlertSheet.swift */ = {isa = PBXFileReference; lastKnownFileType = sourcecode.swift; path = AlertSheet.swift; sourceTree = "<group>"; };
		54B345AC241BBB00004C53CC /* GroupedDomain.swift */ = {isa = PBXFileReference; lastKnownFileType = sourcecode.swift; path = GroupedDomain.swift; sourceTree = "<group>"; };
		54B345AF242264F8004C53CC /* third-level.txt */ = {isa = PBXFileReference; fileEncoding = 4; lastKnownFileType = text; path = "third-level.txt"; sourceTree = "<group>"; };
		54B7562223D7B2DC008F0C41 /* SQDB.swift */ = {isa = PBXFileReference; lastKnownFileType = sourcecode.swift; path = SQDB.swift; sourceTree = "<group>"; };
		54C056DA23E9E36E00214A3F /* AppInfoType.swift */ = {isa = PBXFileReference; lastKnownFileType = sourcecode.swift; path = AppInfoType.swift; sourceTree = "<group>"; };
		54C056DC23E9EEF700214A3F /* BundleIcon.swift */ = {isa = PBXFileReference; lastKnownFileType = sourcecode.swift; path = BundleIcon.swift; sourceTree = "<group>"; };
/* End PBXFileReference section */

/* Begin PBXFrameworksBuildPhase section */
		541AC5D12399498A00A769D7 /* Frameworks */ = {
			isa = PBXFrameworksBuildPhase;
			buildActionMask = 2147483647;
			files = (
			);
			runOnlyForDeploymentPostprocessing = 0;
		};
		543CDB1A23EEE61900B7F323 /* Frameworks */ = {
			isa = PBXFrameworksBuildPhase;
			buildActionMask = 2147483647;
			files = (
				546063DC23FC2565008F505A /* Resolver.framework in Frameworks */,
				546063D423FC2565008F505A /* CocoaLumberjackSwift.framework in Frameworks */,
				546063D023FC2565008F505A /* CocoaAsyncSocket.framework in Frameworks */,
				546063D223FC2565008F505A /* CocoaLumberjack.framework in Frameworks */,
				546063DE23FC2565008F505A /* Sodium.framework in Frameworks */,
				546063D623FC2565008F505A /* lwip.framework in Frameworks */,
				546063D823FC2565008F505A /* MMDB.framework in Frameworks */,
				546063E223FC2565008F505A /* Yaml.framework in Frameworks */,
				546063E023FC2565008F505A /* tun2socks.framework in Frameworks */,
				546063DA23FC2565008F505A /* NEKit.framework in Frameworks */,
			);
			runOnlyForDeploymentPostprocessing = 0;
		};
/* End PBXFrameworksBuildPhase section */

/* Begin PBXGroup section */
		540C6454240D5BAE00E948F9 /* Requests */ = {
			isa = PBXGroup;
			children = (
				54953E5E23DEBE840054345C /* TVCDomains.swift */,
				54953E6023E0D69A0054345C /* TVCHosts.swift */,
				54953E6E23E44CD00054345C /* TVCHostDetails.swift */,
			);
			path = Requests;
			sourceTree = "<group>";
		};
		540C6455240D5BD200E948F9 /* Settings */ = {
			isa = PBXGroup;
			children = (
				542E2A9924051556001462DC /* TVCSettings.swift */,
				54B34593240E6343004C53CC /* TVCFilter.swift */,
			);
			path = Settings;
			sourceTree = "<group>";
		};
		541AC5CB2399498A00A769D7 = {
			isa = PBXGroup;
			children = (
				541AC5D62399498A00A769D7 /* main */,
				542E2A9B24051F79001462DC /* media */,
				543CDB1E23EEE61900B7F323 /* GlassVPN */,
				541AC5D52399498A00A769D7 /* Products */,
				541AC5E92399499A00A769D7 /* Frameworks */,
			);
			sourceTree = "<group>";
		};
		541AC5D52399498A00A769D7 /* Products */ = {
			isa = PBXGroup;
			children = (
				541AC5D42399498A00A769D7 /* AppCheck.app */,
				543CDB1D23EEE61900B7F323 /* GlassVPN.appex */,
			);
			name = Products;
			sourceTree = "<group>";
		};
		541AC5D62399498A00A769D7 /* main */ = {
			isa = PBXGroup;
			children = (
				54B3459A2415651C004C53CC /* DB */,
				54B345A4241BB975004C53CC /* Extensions */,
				548B1F9423D338EC005B047C /* main.entitlements */,
				541AC5D72399498A00A769D7 /* AppDelegate.swift */,
				542E2A972404973F001462DC /* TBCMain.swift */,
				54B34597240F18DD004C53CC /* TVC Extensions */,
				540C6454240D5BAE00E948F9 /* Requests */,
				540C6455240D5BD200E948F9 /* Settings */,
				54B345B12422E029004C53CC /* unused */,
				541AC5DB2399498A00A769D7 /* Main.storyboard */,
				541AC5E02399498B00A769D7 /* LaunchScreen.storyboard */,
				541AC5DE2399498B00A769D7 /* Assets.xcassets */,
				541AC5E32399498B00A769D7 /* Info.plist */,
				54953E7023E473F10054345C /* Settings.bundle */,
			);
			path = main;
			sourceTree = "<group>";
		};
		541AC5E92399499A00A769D7 /* Frameworks */ = {
			isa = PBXGroup;
			children = (
				546063B723FC254C008F505A /* CocoaAsyncSocket.framework */,
				546063B523FC254B008F505A /* CocoaLumberjack.framework */,
				546063B423FC254B008F505A /* CocoaLumberjackSwift.framework */,
				546063B623FC254B008F505A /* lwip.framework */,
				546063B923FC254C008F505A /* MMDB.framework */,
				546063B223FC254B008F505A /* NEKit.framework */,
				546063BA23FC254C008F505A /* Resolver.framework */,
				546063B123FC254B008F505A /* Sodium.framework */,
				546063B323FC254B008F505A /* tun2socks.framework */,
				546063B823FC254C008F505A /* Yaml.framework */,
				541AC5EA2399499A00A769D7 /* NetworkExtension.framework */,
			);
			name = Frameworks;
			sourceTree = "<group>";
		};
		542E2A9B24051F79001462DC /* media */ = {
			isa = PBXGroup;
			children = (
				541A957523E602DF00C09C19 /* LaunchIcon.png */,
				54B345AF242264F8004C53CC /* third-level.txt */,
			);
			path = media;
			sourceTree = "<group>";
		};
		543CDB1E23EEE61900B7F323 /* GlassVPN */ = {
			isa = PBXGroup;
			children = (
				543CDB1F23EEE61900B7F323 /* PacketTunnelProvider.swift */,
				543CDB2123EEE61900B7F323 /* Info.plist */,
				543CDB2223EEE61900B7F323 /* GlassVPN.entitlements */,
			);
			path = GlassVPN;
			sourceTree = "<group>";
		};
		54B34597240F18DD004C53CC /* TVC Extensions */ = {
			isa = PBXGroup;
			children = (
				540C6456240D929300E948F9 /* EditableRows.swift */,
			);
			path = "TVC Extensions";
			sourceTree = "<group>";
		};
		54B3459A2415651C004C53CC /* DB */ = {
			isa = PBXGroup;
			children = (
				54B7562223D7B2DC008F0C41 /* SQDB.swift */,
				54B345982414F491004C53CC /* DBWrapper.swift */,
			);
			path = DB;
			sourceTree = "<group>";
		};
		54B345A4241BB975004C53CC /* Extensions */ = {
			isa = PBXGroup;
			children = (
				544C95252407B1C700AB89D0 /* SharedState.swift */,
				54B345A8241BBA0B004C53CC /* Generic.swift */,
				54B345A5241BB982004C53CC /* Notifications.swift */,
				54B345AA241BBA5B004C53CC /* AlertSheet.swift */,
				54B345AC241BBB00004C53CC /* GroupedDomain.swift */,
				54B34595240F0513004C53CC /* TableView.swift */,
			);
			path = Extensions;
			sourceTree = "<group>";
		};
		54B345B12422E029004C53CC /* unused */ = {
			isa = PBXGroup;
			children = (
				54C056DC23E9EEF700214A3F /* BundleIcon.swift */,
				54C056DA23E9E36E00214A3F /* AppInfoType.swift */,
			);
			path = unused;
			sourceTree = "<group>";
		};
/* End PBXGroup section */

/* Begin PBXNativeTarget section */
		541AC5D32399498A00A769D7 /* AppCheck */ = {
			isa = PBXNativeTarget;
			buildConfigurationList = 541AC5E62399498B00A769D7 /* Build configuration list for PBXNativeTarget "AppCheck" */;
			buildPhases = (
				541AC5D02399498A00A769D7 /* Sources */,
				541AC5D12399498A00A769D7 /* Frameworks */,
				541AC5D22399498A00A769D7 /* Resources */,
				541AC5FD239949BE00A769D7 /* Embed App Extensions */,
				54C056E023EAFBDF00214A3F /* ShellScript */,
			);
			buildRules = (
			);
			dependencies = (
				543CDB2423EEE61900B7F323 /* PBXTargetDependency */,
			);
			name = AppCheck;
			packageProductDependencies = (
			);
			productName = PrivacyScore;
			productReference = 541AC5D42399498A00A769D7 /* AppCheck.app */;
			productType = "com.apple.product-type.application";
		};
		543CDB1C23EEE61900B7F323 /* GlassVPN */ = {
			isa = PBXNativeTarget;
			buildConfigurationList = 543CDB2623EEE61A00B7F323 /* Build configuration list for PBXNativeTarget "GlassVPN" */;
			buildPhases = (
				543CDB1923EEE61900B7F323 /* Sources */,
				543CDB1A23EEE61900B7F323 /* Frameworks */,
				543CDB1B23EEE61900B7F323 /* Resources */,
				546063E423FC2565008F505A /* Embed Frameworks */,
			);
			buildRules = (
			);
			dependencies = (
			);
			name = GlassVPN;
			packageProductDependencies = (
			);
			productName = GlassVPN;
			productReference = 543CDB1D23EEE61900B7F323 /* GlassVPN.appex */;
			productType = "com.apple.product-type.app-extension";
		};
/* End PBXNativeTarget section */

/* Begin PBXProject section */
		541AC5CC2399498A00A769D7 /* Project object */ = {
			isa = PBXProject;
			attributes = {
				LastSwiftUpdateCheck = 1130;
				LastUpgradeCheck = 1010;
				ORGANIZATIONNAME = relikd;
				TargetAttributes = {
					541AC5D32399498A00A769D7 = {
						CreatedOnToolsVersion = 10.1;
						LastSwiftMigration = 1130;
						SystemCapabilities = {
							com.apple.NetworkExtensions.iOS = {
								enabled = 1;
							};
						};
					};
					543CDB1C23EEE61900B7F323 = {
						CreatedOnToolsVersion = 11.3.1;
					};
				};
			};
			buildConfigurationList = 541AC5CF2399498A00A769D7 /* Build configuration list for PBXProject "AppCheck" */;
			compatibilityVersion = "Xcode 9.3";
			developmentRegion = en;
			hasScannedForEncodings = 0;
			knownRegions = (
				en,
				Base,
			);
			mainGroup = 541AC5CB2399498A00A769D7;
			packageReferences = (
			);
			productRefGroup = 541AC5D52399498A00A769D7 /* Products */;
			projectDirPath = "";
			projectRoot = "";
			targets = (
				541AC5D32399498A00A769D7 /* AppCheck */,
				543CDB1C23EEE61900B7F323 /* GlassVPN */,
			);
		};
/* End PBXProject section */

/* Begin PBXResourcesBuildPhase section */
		541AC5D22399498A00A769D7 /* Resources */ = {
			isa = PBXResourcesBuildPhase;
			buildActionMask = 2147483647;
			files = (
				54953E7123E473F10054345C /* Settings.bundle in Resources */,
				541AC5E22399498B00A769D7 /* LaunchScreen.storyboard in Resources */,
				541AC5DF2399498B00A769D7 /* Assets.xcassets in Resources */,
				541AC5DD2399498A00A769D7 /* Main.storyboard in Resources */,
				54B345B0242264F8004C53CC /* third-level.txt in Resources */,
				541A957623E602DF00C09C19 /* LaunchIcon.png in Resources */,
			);
			runOnlyForDeploymentPostprocessing = 0;
		};
		543CDB1B23EEE61900B7F323 /* Resources */ = {
			isa = PBXResourcesBuildPhase;
			buildActionMask = 2147483647;
			files = (
			);
			runOnlyForDeploymentPostprocessing = 0;
		};
/* End PBXResourcesBuildPhase section */

/* Begin PBXShellScriptBuildPhase section */
		54C056E023EAFBDF00214A3F /* ShellScript */ = {
			isa = PBXShellScriptBuildPhase;
			buildActionMask = 2147483647;
			files = (
			);
			inputFileListPaths = (
			);
			inputPaths = (
			);
			outputFileListPaths = (
			);
			outputPaths = (
			);
			runOnlyForDeploymentPostprocessing = 0;
			shellPath = /bin/sh;
			shellScript = "#agvtool next-version -all\n";
		};
/* End PBXShellScriptBuildPhase section */

/* Begin PBXSourcesBuildPhase section */
		541AC5D02399498A00A769D7 /* Sources */ = {
			isa = PBXSourcesBuildPhase;
			buildActionMask = 2147483647;
			files = (
				54B345AD241BBB00004C53CC /* GroupedDomain.swift in Sources */,
				54B345A6241BB982004C53CC /* Notifications.swift in Sources */,
				54B345AB241BBA5B004C53CC /* AlertSheet.swift in Sources */,
				544C95262407B1C700AB89D0 /* SharedState.swift in Sources */,
				54B345A9241BBA0B004C53CC /* Generic.swift in Sources */,
				54B34596240F0513004C53CC /* TableView.swift in Sources */,
				54953E3323DC752E0054345C /* SQDB.swift in Sources */,
				54953E6123E0D69A0054345C /* TVCHosts.swift in Sources */,
				540C6457240D929300E948F9 /* EditableRows.swift in Sources */,
				542E2A9A24051556001462DC /* TVCSettings.swift in Sources */,
				54953E5F23DEBE840054345C /* TVCDomains.swift in Sources */,
				54C056DB23E9E36E00214A3F /* AppInfoType.swift in Sources */,
				54953E6F23E44CD00054345C /* TVCHostDetails.swift in Sources */,
				54C056DD23E9EEF700214A3F /* BundleIcon.swift in Sources */,
				542E2A982404973F001462DC /* TBCMain.swift in Sources */,
				541AC5D82399498A00A769D7 /* AppDelegate.swift in Sources */,
				54B345992414F491004C53CC /* DBWrapper.swift in Sources */,
				54B34594240E6343004C53CC /* TVCFilter.swift in Sources */,
			);
			runOnlyForDeploymentPostprocessing = 0;
		};
		543CDB1923EEE61900B7F323 /* Sources */ = {
			isa = PBXSourcesBuildPhase;
			buildActionMask = 2147483647;
			files = (
				543CDB2023EEE61900B7F323 /* PacketTunnelProvider.swift in Sources */,
				546063E523FEFAFE008F505A /* SQDB.swift in Sources */,
			);
			runOnlyForDeploymentPostprocessing = 0;
		};
/* End PBXSourcesBuildPhase section */

/* Begin PBXTargetDependency section */
		543CDB2423EEE61900B7F323 /* PBXTargetDependency */ = {
			isa = PBXTargetDependency;
			target = 543CDB1C23EEE61900B7F323 /* GlassVPN */;
			targetProxy = 543CDB2323EEE61900B7F323 /* PBXContainerItemProxy */;
		};
/* End PBXTargetDependency section */

/* Begin PBXVariantGroup section */
		541AC5DB2399498A00A769D7 /* Main.storyboard */ = {
			isa = PBXVariantGroup;
			children = (
				541AC5DC2399498A00A769D7 /* Base */,
			);
			name = Main.storyboard;
			sourceTree = "<group>";
		};
		541AC5E02399498B00A769D7 /* LaunchScreen.storyboard */ = {
			isa = PBXVariantGroup;
			children = (
				541AC5E12399498B00A769D7 /* Base */,
			);
			name = LaunchScreen.storyboard;
			sourceTree = "<group>";
		};
/* End PBXVariantGroup section */

/* Begin XCBuildConfiguration section */
		541AC5E42399498B00A769D7 /* Debug */ = {
			isa = XCBuildConfiguration;
			buildSettings = {
				ALWAYS_SEARCH_USER_PATHS = NO;
				CLANG_ANALYZER_NONNULL = YES;
				CLANG_ANALYZER_NUMBER_OBJECT_CONVERSION = YES_AGGRESSIVE;
				CLANG_CXX_LANGUAGE_STANDARD = "gnu++14";
				CLANG_CXX_LIBRARY = "libc++";
				CLANG_ENABLE_MODULES = YES;
				CLANG_ENABLE_OBJC_ARC = YES;
				CLANG_ENABLE_OBJC_WEAK = YES;
				CLANG_WARN_BLOCK_CAPTURE_AUTORELEASING = YES;
				CLANG_WARN_BOOL_CONVERSION = YES;
				CLANG_WARN_COMMA = YES;
				CLANG_WARN_CONSTANT_CONVERSION = YES;
				CLANG_WARN_DEPRECATED_OBJC_IMPLEMENTATIONS = YES;
				CLANG_WARN_DIRECT_OBJC_ISA_USAGE = YES_ERROR;
				CLANG_WARN_DOCUMENTATION_COMMENTS = YES;
				CLANG_WARN_EMPTY_BODY = YES;
				CLANG_WARN_ENUM_CONVERSION = YES;
				CLANG_WARN_INFINITE_RECURSION = YES;
				CLANG_WARN_INT_CONVERSION = YES;
				CLANG_WARN_NON_LITERAL_NULL_CONVERSION = YES;
				CLANG_WARN_OBJC_IMPLICIT_RETAIN_SELF = YES;
				CLANG_WARN_OBJC_LITERAL_CONVERSION = YES;
				CLANG_WARN_OBJC_ROOT_CLASS = YES_ERROR;
				CLANG_WARN_RANGE_LOOP_ANALYSIS = YES;
				CLANG_WARN_STRICT_PROTOTYPES = YES;
				CLANG_WARN_SUSPICIOUS_MOVE = YES;
				CLANG_WARN_UNGUARDED_AVAILABILITY = YES_AGGRESSIVE;
				CLANG_WARN_UNREACHABLE_CODE = YES;
				CLANG_WARN__DUPLICATE_METHOD_MATCH = YES;
				CODE_SIGN_IDENTITY = "iPhone Developer";
				COPY_PHASE_STRIP = NO;
				DEBUG_INFORMATION_FORMAT = dwarf;
				DEVELOPMENT_TEAM = MY7CB4555Z;
				ENABLE_STRICT_OBJC_MSGSEND = YES;
				ENABLE_TESTABILITY = YES;
				GCC_C_LANGUAGE_STANDARD = gnu11;
				GCC_DYNAMIC_NO_PIC = NO;
				GCC_NO_COMMON_BLOCKS = YES;
				GCC_OPTIMIZATION_LEVEL = 0;
				GCC_PREPROCESSOR_DEFINITIONS = (
					"DEBUG=1",
					"$(inherited)",
				);
				GCC_WARN_64_TO_32_BIT_CONVERSION = YES;
				GCC_WARN_ABOUT_RETURN_TYPE = YES_ERROR;
				GCC_WARN_UNDECLARED_SELECTOR = YES;
				GCC_WARN_UNINITIALIZED_AUTOS = YES_AGGRESSIVE;
				GCC_WARN_UNUSED_FUNCTION = YES;
				GCC_WARN_UNUSED_VARIABLE = YES;
				IPHONEOS_DEPLOYMENT_TARGET = 9.3;
				MTL_ENABLE_DEBUG_INFO = INCLUDE_SOURCE;
				MTL_FAST_MATH = YES;
				ONLY_ACTIVE_ARCH = YES;
				OTHER_SWIFT_FLAGS = "";
				"OTHER_SWIFT_FLAGS[sdk=iphonesimulator*]" = "-D IOS_SIMULATOR";
				SDKROOT = iphoneos;
				SWIFT_ACTIVE_COMPILATION_CONDITIONS = DEBUG;
				SWIFT_OPTIMIZATION_LEVEL = "-Onone";
				TARGETED_DEVICE_FAMILY = "1,2";
			};
			name = Debug;
		};
		541AC5E52399498B00A769D7 /* Release */ = {
			isa = XCBuildConfiguration;
			buildSettings = {
				ALWAYS_SEARCH_USER_PATHS = NO;
				CLANG_ANALYZER_NONNULL = YES;
				CLANG_ANALYZER_NUMBER_OBJECT_CONVERSION = YES_AGGRESSIVE;
				CLANG_CXX_LANGUAGE_STANDARD = "gnu++14";
				CLANG_CXX_LIBRARY = "libc++";
				CLANG_ENABLE_MODULES = YES;
				CLANG_ENABLE_OBJC_ARC = YES;
				CLANG_ENABLE_OBJC_WEAK = YES;
				CLANG_WARN_BLOCK_CAPTURE_AUTORELEASING = YES;
				CLANG_WARN_BOOL_CONVERSION = YES;
				CLANG_WARN_COMMA = YES;
				CLANG_WARN_CONSTANT_CONVERSION = YES;
				CLANG_WARN_DEPRECATED_OBJC_IMPLEMENTATIONS = YES;
				CLANG_WARN_DIRECT_OBJC_ISA_USAGE = YES_ERROR;
				CLANG_WARN_DOCUMENTATION_COMMENTS = YES;
				CLANG_WARN_EMPTY_BODY = YES;
				CLANG_WARN_ENUM_CONVERSION = YES;
				CLANG_WARN_INFINITE_RECURSION = YES;
				CLANG_WARN_INT_CONVERSION = YES;
				CLANG_WARN_NON_LITERAL_NULL_CONVERSION = YES;
				CLANG_WARN_OBJC_IMPLICIT_RETAIN_SELF = YES;
				CLANG_WARN_OBJC_LITERAL_CONVERSION = YES;
				CLANG_WARN_OBJC_ROOT_CLASS = YES_ERROR;
				CLANG_WARN_RANGE_LOOP_ANALYSIS = YES;
				CLANG_WARN_STRICT_PROTOTYPES = YES;
				CLANG_WARN_SUSPICIOUS_MOVE = YES;
				CLANG_WARN_UNGUARDED_AVAILABILITY = YES_AGGRESSIVE;
				CLANG_WARN_UNREACHABLE_CODE = YES;
				CLANG_WARN__DUPLICATE_METHOD_MATCH = YES;
				CODE_SIGN_IDENTITY = "iPhone Developer";
				COPY_PHASE_STRIP = NO;
				DEBUG_INFORMATION_FORMAT = "dwarf-with-dsym";
				DEVELOPMENT_TEAM = MY7CB4555Z;
				ENABLE_NS_ASSERTIONS = NO;
				ENABLE_STRICT_OBJC_MSGSEND = YES;
				GCC_C_LANGUAGE_STANDARD = gnu11;
				GCC_NO_COMMON_BLOCKS = YES;
				GCC_WARN_64_TO_32_BIT_CONVERSION = YES;
				GCC_WARN_ABOUT_RETURN_TYPE = YES_ERROR;
				GCC_WARN_UNDECLARED_SELECTOR = YES;
				GCC_WARN_UNINITIALIZED_AUTOS = YES_AGGRESSIVE;
				GCC_WARN_UNUSED_FUNCTION = YES;
				GCC_WARN_UNUSED_VARIABLE = YES;
				IPHONEOS_DEPLOYMENT_TARGET = 9.3;
				MTL_ENABLE_DEBUG_INFO = NO;
				MTL_FAST_MATH = YES;
				OTHER_SWIFT_FLAGS = "";
				SDKROOT = iphoneos;
				SWIFT_COMPILATION_MODE = wholemodule;
				SWIFT_OPTIMIZATION_LEVEL = "-O";
				TARGETED_DEVICE_FAMILY = "1,2";
				VALIDATE_PRODUCT = YES;
			};
			name = Release;
		};
		541AC5E72399498B00A769D7 /* Debug */ = {
			isa = XCBuildConfiguration;
			buildSettings = {
				ALWAYS_EMBED_SWIFT_STANDARD_LIBRARIES = YES;
				ASSETCATALOG_COMPILER_APPICON_NAME = AppIcon;
				CODE_SIGN_ENTITLEMENTS = main/main.entitlements;
				CURRENT_PROJECT_VERSION = 7;
				FRAMEWORK_SEARCH_PATHS = (
					"$(inherited)",
					"$(PROJECT_DIR)/Carthage/Build/iOS",
				);
				INFOPLIST_FILE = main/Info.plist;
				LD_RUNPATH_SEARCH_PATHS = (
					"$(inherited)",
					"@executable_path/Frameworks",
				);
				MARKETING_VERSION = 1.0.0;
				PRODUCT_BUNDLE_IDENTIFIER = "de.uni-bamberg.psi.AppCheck";
				PRODUCT_NAME = AppCheck;
				SWIFT_VERSION = 5.0;
				TARGETED_DEVICE_FAMILY = 1;
			};
			name = Debug;
		};
		541AC5E82399498B00A769D7 /* Release */ = {
			isa = XCBuildConfiguration;
			buildSettings = {
				ALWAYS_EMBED_SWIFT_STANDARD_LIBRARIES = YES;
				ASSETCATALOG_COMPILER_APPICON_NAME = AppIcon;
				CODE_SIGN_ENTITLEMENTS = main/main.entitlements;
				CURRENT_PROJECT_VERSION = 7;
				FRAMEWORK_SEARCH_PATHS = (
					"$(inherited)",
					"$(PROJECT_DIR)/Carthage/Build/iOS",
				);
				INFOPLIST_FILE = main/Info.plist;
				LD_RUNPATH_SEARCH_PATHS = (
					"$(inherited)",
					"@executable_path/Frameworks",
				);
				MARKETING_VERSION = 1.0.0;
				PRODUCT_BUNDLE_IDENTIFIER = "de.uni-bamberg.psi.AppCheck";
				PRODUCT_NAME = AppCheck;
				SWIFT_VERSION = 5.0;
				TARGETED_DEVICE_FAMILY = 1;
			};
			name = Release;
		};
		543CDB2723EEE61A00B7F323 /* Debug */ = {
			isa = XCBuildConfiguration;
			buildSettings = {
				CODE_SIGN_ENTITLEMENTS = GlassVPN/GlassVPN.entitlements;
				CODE_SIGN_STYLE = Automatic;
				FRAMEWORK_SEARCH_PATHS = (
					"$(inherited)",
					"$(PROJECT_DIR)/Carthage/Build/iOS",
				);
				INFOPLIST_FILE = GlassVPN/Info.plist;
				LD_RUNPATH_SEARCH_PATHS = (
					"$(inherited)",
					"@executable_path/Frameworks",
					"@executable_path/../../Frameworks",
				);
				PRODUCT_BUNDLE_IDENTIFIER = "de.uni-bamberg.psi.AppCheck.VPN";
				PRODUCT_NAME = "$(TARGET_NAME)";
				SKIP_INSTALL = YES;
				SWIFT_VERSION = 5.0;
				TARGETED_DEVICE_FAMILY = "1,2";
			};
			name = Debug;
		};
		543CDB2823EEE61A00B7F323 /* Release */ = {
			isa = XCBuildConfiguration;
			buildSettings = {
				CODE_SIGN_ENTITLEMENTS = GlassVPN/GlassVPN.entitlements;
				CODE_SIGN_STYLE = Automatic;
				FRAMEWORK_SEARCH_PATHS = (
					"$(inherited)",
					"$(PROJECT_DIR)/Carthage/Build/iOS",
				);
				INFOPLIST_FILE = GlassVPN/Info.plist;
				LD_RUNPATH_SEARCH_PATHS = (
					"$(inherited)",
					"@executable_path/Frameworks",
					"@executable_path/../../Frameworks",
				);
				PRODUCT_BUNDLE_IDENTIFIER = "de.uni-bamberg.psi.AppCheck.VPN";
				PRODUCT_NAME = "$(TARGET_NAME)";
				SKIP_INSTALL = YES;
				SWIFT_VERSION = 5.0;
				TARGETED_DEVICE_FAMILY = "1,2";
			};
			name = Release;
		};
/* End XCBuildConfiguration section */

/* Begin XCConfigurationList section */
		541AC5CF2399498A00A769D7 /* Build configuration list for PBXProject "AppCheck" */ = {
			isa = XCConfigurationList;
			buildConfigurations = (
				541AC5E42399498B00A769D7 /* Debug */,
				541AC5E52399498B00A769D7 /* Release */,
			);
			defaultConfigurationIsVisible = 0;
			defaultConfigurationName = Release;
		};
		541AC5E62399498B00A769D7 /* Build configuration list for PBXNativeTarget "AppCheck" */ = {
			isa = XCConfigurationList;
			buildConfigurations = (
				541AC5E72399498B00A769D7 /* Debug */,
				541AC5E82399498B00A769D7 /* Release */,
			);
			defaultConfigurationIsVisible = 0;
			defaultConfigurationName = Release;
		};
		543CDB2623EEE61A00B7F323 /* Build configuration list for PBXNativeTarget "GlassVPN" */ = {
			isa = XCConfigurationList;
			buildConfigurations = (
				543CDB2723EEE61A00B7F323 /* Debug */,
				543CDB2823EEE61A00B7F323 /* Release */,
			);
			defaultConfigurationIsVisible = 0;
			defaultConfigurationName = Release;
		};
/* End XCConfigurationList section */
	};
	rootObject = 541AC5CC2399498A00A769D7 /* Project object */;
}
